# THIS IS AN AUTOGENERATED FILE. DO NOT EDIT THIS FILE DIRECTLY.
# yarn lockfile v1


"@types/node@^14.11.2":
  version "14.11.3"
  resolved "https://registry.yarnpkg.com/@types/node/-/node-14.11.3.tgz#e66274f2e16ea6334f4e29d364165ad079069e41"
  integrity sha512-tPQAF6b1wak7rBO49tL2N5nNVknyHBAzJVylF5rIYkfXbFkrNpbBLFMFUjxHzuuBiR7Si7T/X4eh6IRhZxO1tQ==

node-fetch@^2.6.1:
  version "2.6.1"
  resolved "https://registry.yarnpkg.com/node-fetch/-/node-fetch-2.6.1.tgz#045bd323631f76ed2e2b55573394416b639a0052"
  integrity sha512-V4aYg89jEoVRxRb2fJdAg8FHvI7cEyYdVAh94HH0UIK8oJxUfkjlDQN9RbMx+bEjP7+ggMiFRprSti032Oipxw==
